PODS:
  - Alamofire (4.0.1)
  - SwiftKeychainWrapper (3.4.0)

DEPENDENCIES:
  - Alamofire (~> 4.0.0)
  - SwiftKeychainWrapper (~> 3.4)

SPEC REPOS:
  trunk:
    - Alamofire
    - SwiftKeychainWrapper

SPEC CHECKSUMS:
  Alamofire: 7682d43245de14874acd142ec137b144aa1dd335
  SwiftKeychainWrapper: 6fc49fbf7d4a6b0772917acb0e53a1639f6078d6

PODFILE CHECKSUM: ea9eebaec30ef76f8eb76af70fff82407fc3748f

COCOAPODS: 1.9.1
